
Microsoft Visual Studio Solution File, Format Version 12.00
# Visual Studio Version 16
VisualStudioVersion = 16.0.31205.134
MinimumVisualStudioVersion = 10.0.40219.1
Project("{FAE04EC0-301F-11D3-BF4B-00C04F79EFBC}") = "ClinicApi", "ClinicApi\ClinicApi.csproj", "{DB011A7E-99A9-43C5-8438-1A152C842124}"
EndProject
Global
	GlobalSection(SolutionConfigurationPlatforms) = preSolution
		Debug|Any CPU = Debug|Any CPU
		Release|Any CPU = Release|Any CPU
	EndGlobalSection
	GlobalSection(ProjectConfigurationPlatforms) = postSolution
		{DB011A7E-99A9-43C5-8438-1A152C842124}.Debug|Any CPU.ActiveCfg = Debug|Any CPU
		{DB011A7E-99A9-43C5-8438-1A152C842124}.Debug|Any CPU.Build.0 = Debug|Any CPU
		{DB011A7E-99A9-43C5-8438-1A152C842124}.Release|Any CPU.ActiveCfg = Release|Any CPU
		{DB011A7E-99A9-43C5-8438-1A152C842124}.Release|Any CPU.Build.0 = Release|Any CPU
	EndGlobalSection
	GlobalSection(SolutionProperties) = preSolution
		HideSolutionNode = FALSE
	EndGlobalSection
	GlobalSection(ExtensibilityGlobals) = postSolution
		SolutionGuid = {19837309-EF70-4DD7-BC1D-F0D9176B5C16}
	EndGlobalSection
EndGlobal
